GIT
  remote: https://github.com/hathitrust/hathifiles_database
  revision: 87129ce7404938e7956f7e2a113425e7676b6a99
  tag: 0.5.3
  specs:
    hathifiles_database (0.5.3)
      date_named_file
      dotenv
      ettin
      hanami-cli
      library_stdnums
      mysql2
      sequel
      sqlite3
      tty-prompt

GIT
  remote: https://github.com/mlibrary/alma_rest_client
  revision: f94276a6e83d1526f7ec91c66aad1cee8b80f97d
  tag: alma_rest_client/v2.2.0
  specs:
    alma_rest_client (2.2.0)
      activesupport (~> 8.0)
      faraday
      faraday-retry
      httpx
      rexml

GIT
  remote: https://github.com/mlibrary/sftp
  revision: 7d9ae3ca8628699c8e5304319184835a0a843dd2
  tag: sftp/v0.4.2
  specs:
    sftp (0.4.2)

GEM
  remote: https://rubygems.org/
  specs:
    activesupport (8.0.3)
      base64
      benchmark (>= 0.3)
      bigdecimal
      concurrent-ruby (~> 1.0, >= 1.3.1)
      connection_pool (>= 2.2.5)
      drb
      i18n (>= 1.6, < 2)
      logger (>= 1.4.2)
      minitest (>= 5.1)
      securerandom (>= 0.3)
      tzinfo (~> 2.0, >= 2.0.5)
      uri (>= 0.13.1)
    addressable (2.8.7)
      public_suffix (>= 2.0.2, < 7.0)
    anyway_config (2.7.2)
      ruby-next-core (~> 1.0)
    ast (2.4.3)
    base64 (0.3.0)
    benchmark (0.4.1)
    bigdecimal (3.3.1)
    byebug (12.0.0)
    canister (0.9.2)
    climate_control (1.2.0)
    coderay (1.1.3)
    concurrent-ruby (1.3.5)
    connection_pool (2.5.4)
    crack (1.0.1)
      bigdecimal
      rexml
    date_named_file (0.1.1)
    deep_merge (1.2.2)
    diff-lcs (1.6.2)
    docile (1.4.1)
    dotenv (3.1.8)
    drb (2.2.3)
    dry-cli (1.3.0)
    dry-files (1.1.0)
    dry-inflector (1.2.0)
    dry-initializer (3.2.0)
    ettin (1.3.0)
      deep_merge
    faraday (2.14.0)
      faraday-net_http (>= 2.0, < 3.5)
      json
      logger
    faraday-net_http (3.4.1)
      net-http (>= 0.5.0)
    faraday-retry (2.3.2)
      faraday (~> 2.0)
    hanami-cli (2.2.1)
      bundler (~> 2.1)
      dry-cli (~> 1.0, >= 1.1.0)
      dry-files (~> 1.0, >= 1.0.2, < 2)
      dry-inflector (~> 1.0, < 2)
      rake (~> 13.0)
      zeitwerk (~> 2.6)
    hashdiff (1.2.1)
    http-2 (1.1.1)
    httpx (1.6.2)
      http-2 (>= 1.0.0)
    i18n (1.14.7)
      concurrent-ruby (~> 1.0)
    json (2.15.2)
    jwt (3.1.2)
      base64
    language_server-protocol (3.17.0.5)
    library_stdnums (1.6.0)
    lint_roller (1.1.0)
    logger (1.7.0)
    method_source (1.1.0)
    milemarker (1.0.2)
      logger
    minitest (5.26.0)
    mysql2 (0.5.7)
      bigdecimal
    net-http (0.7.0)
      uri
    nokogiri (1.18.10-x86_64-linux-gnu)
      racc (~> 1.4)
    parallel (1.27.0)
    parser (3.3.9.0)
      ast (~> 2.4.1)
      racc
    pastel (0.8.0)
      tty-color (~> 0.5)
    prism (1.5.2)
    prometheus-client (4.2.5)
      base64
    pry (0.15.2)
      coderay (~> 1.1)
      method_source (~> 1.0)
    pry-byebug (3.11.0)
      byebug (~> 12.0)
      pry (>= 0.13, < 0.16)
    public_suffix (6.0.2)
    racc (1.8.1)
    rack (3.2.2)
    rainbow (3.1.1)
    rake (13.3.1)
    regexp_parser (2.11.3)
    rexml (3.4.4)
    rspec (3.13.2)
      rspec-core (~> 3.13.0)
      rspec-expectations (~> 3.13.0)
      rspec-mocks (~> 3.13.0)
    rspec-core (3.13.6)
      rspec-support (~> 3.13.0)
    rspec-expectations (3.13.5)
      diff-lcs (>= 1.2.0, < 2.0)
      rspec-support (~> 3.13.0)
    rspec-mocks (3.13.7)
      diff-lcs (>= 1.2.0, < 2.0)
      rspec-support (~> 3.13.0)
    rspec-support (3.13.6)
    rubocop (1.80.2)
      json (~> 2.3)
      language_server-protocol (~> 3.17.0.2)
      lint_roller (~> 1.1.0)
      parallel (~> 1.10)
      parser (>= 3.3.0.2)
      rainbow (>= 2.2.2, < 4.0)
      regexp_parser (>= 2.9.3, < 3.0)
      rubocop-ast (>= 1.46.0, < 2.0)
      ruby-progressbar (~> 1.7)
      unicode-display_width (>= 2.4.0, < 4.0)
    rubocop-ast (1.47.1)
      parser (>= 3.3.7.2)
      prism (~> 1.4)
    rubocop-performance (1.25.0)
      lint_roller (~> 1.1)
      rubocop (>= 1.75.0, < 2.0)
      rubocop-ast (>= 1.38.0, < 2.0)
    ruby-next-core (1.1.2)
    ruby-progressbar (1.13.0)
    securerandom (0.4.1)
    semantic_logger (4.17.0)
      concurrent-ruby (~> 1.0)
    sequel (5.97.0)
      bigdecimal
    simplecov (0.22.0)
      docile (~> 1.1)
      simplecov-html (~> 0.11)
      simplecov_json_formatter (~> 0.1)
    simplecov-html (0.13.2)
    simplecov_json_formatter (0.1.4)
    sqlite3 (2.7.4-x86_64-linux-gnu)
    standard (1.51.1)
      language_server-protocol (~> 3.17.0.2)
      lint_roller (~> 1.0)
      rubocop (~> 1.80.2)
      standard-custom (~> 1.0.0)
      standard-performance (~> 1.8)
    standard-custom (1.0.2)
      lint_roller (~> 1.0)
      rubocop (~> 1.50)
    standard-performance (1.8.0)
      lint_roller (~> 1.1)
      rubocop-performance (~> 1.25.0)
    telephone_number (1.4.23)
    thor (1.4.0)
    tty-color (0.6.0)
    tty-cursor (0.7.1)
    tty-prompt (0.23.1)
      pastel (~> 0.8)
      tty-reader (~> 0.8)
    tty-reader (0.9.0)
      tty-cursor (~> 0.7)
      tty-screen (~> 0.8)
      wisper (~> 2.0)
    tty-screen (0.8.2)
    twilio-ruby (7.8.5)
      faraday (>= 0.9, < 3.0)
      jwt (>= 1.5, < 4.0)
      nokogiri (>= 1.6, < 2.0)
    tzinfo (2.0.6)
      concurrent-ruby (~> 1.0)
    unicode-display_width (3.2.0)
      unicode-emoji (~> 4.1)
    unicode-emoji (4.1.0)
    uri (1.1.0)
    webmock (3.26.1)
      addressable (>= 2.8.0)
      crack (>= 0.3.2)
      hashdiff (>= 0.4.0, < 2.0.0)
    wisper (2.0.1)
    yabeda (0.14.0)
      anyway_config (>= 1.0, < 3)
      concurrent-ruby
      dry-initializer
    yabeda-prometheus (0.9.1)
      prometheus-client (>= 3.0, < 5.0)
      rack
      yabeda (~> 0.10)
    zeitwerk (2.7.3)

PLATFORMS
  x86_64-linux

DEPENDENCIES
  alma_rest_client!
  canister
  climate_control
  hathifiles_database!
  milemarker (~> 1.0)
  pry
  pry-byebug
  rspec
  semantic_logger
  sftp!
  simplecov
  standard
  telephone_number
  thor
  twilio-ruby
  webmock
  yabeda
  yabeda-prometheus

BUNDLED WITH
   2.4.10
